hash: 85a4e26d86183310fc07ef65e7485583272240d92f330fb4ffcb09433b03c06f
updated: 2017-04-04T19:00:01.016720545+09:00
imports:
- name: github.com/go-sql-driver/mysql
  version: 9dee4ca50b83acdf57a35fb9e6fb4be640afa2f3
- name: github.com/gocraft/dbr
  version: c4f8f99b25c74a821ffa41ca2e339cc24a6b4a67
  subpackages:
  - dialect
- name: github.com/labstack/echo
  version: 948d607539e92f3974d8f24951c8975d7342e24a
- name: github.com/labstack/gommon
  version: 9cedb429ffbe71a32a3ae7c65fd109cb7ae07804
  subpackages:
  - color
  - log
- name: github.com/mattn/go-colorable
  version: ded68f7a9561c023e790de24279db7ebf473ea80
- name: github.com/mattn/go-isatty
  version: fc9e8d8ef48496124e79ae0df75490096eccf6fe
- name: github.com/valyala/bytebufferpool
  version: e746df99fe4a3986f4d4f79e13c1e0117ce9c2f7
- name: github.com/valyala/fasttemplate
  version: dcecefd839c4193db0d35b88ec65b4c12d360ab0
- name: golang.org/x/crypto
  version: 573951cbe80bb6352881271bb276f48749eab6f4
  subpackages:
  - acme
  - acme/autocert
- name: golang.org/x/net
  version: ffcf1bedda3b04ebb15a168a59800a73d6dc0f4d
  subpackages:
  - context
  - context/ctxhttp
- name: golang.org/x/sys
  version: 493114f68206f85e7e333beccfabc11e98cba8dd
  subpackages:
  - unix
testImports: []
